
Microsoft Visual Studio Solution File, Format Version 12.00
# Visual Studio Version 17
VisualStudioVersion = 17.9.34728.123
MinimumVisualStudioVersion = 10.0.40219.1
Project("{FAE04EC0-301F-11D3-BF4B-00C04F79EFBC}") = "EIPP", "EIPP\EIPP.csproj", "{D122D0DF-9134-4AC9-8E97-399E2EB60A85}"
EndProject
Global
	GlobalSection(SolutionConfigurationPlatforms) = preSolution
		Debug|Any CPU = Debug|Any CPU
		Release|Any CPU = Release|Any CPU
	EndGlobalSection
	GlobalSection(ProjectConfigurationPlatforms) = postSolution
		{D122D0DF-9134-4AC9-8E97-399E2EB60A85}.Debug|Any CPU.ActiveCfg = Debug|Any CPU
		{D122D0DF-9134-4AC9-8E97-399E2EB60A85}.Debug|Any CPU.Build.0 = Debug|Any CPU
		{D122D0DF-9134-4AC9-8E97-399E2EB60A85}.Release|Any CPU.ActiveCfg = Release|Any CPU
		{D122D0DF-9134-4AC9-8E97-399E2EB60A85}.Release|Any CPU.Build.0 = Release|Any CPU
	EndGlobalSection
	GlobalSection(SolutionProperties) = preSolution
		HideSolutionNode = FALSE
	EndGlobalSection
	GlobalSection(ExtensibilityGlobals) = postSolution
		SolutionGuid = {DDC568D3-AC54-4DB8-90F7-03CEA1F3C0BF}
	EndGlobalSection
EndGlobal
